[[tools.actionlint]]
version = "1.7.11"
backend = "aqua:rhysd/actionlint"
"platforms.macos-arm64" = { checksum = "sha256:a21ba7366d8329e7223faee0ed69eb13da27fe8acabb356bb7eb0b7f1e1cb6d8", url = "https://github.com/rhysd/actionlint/releases/download/v1.7.11/actionlint_1.7.11_darwin_arm64.tar.gz"}

[[tools.cargo-binstall]]
version = "1.17.5"
backend = "aqua:cargo-bins/cargo-binstall"

[[tools.cargo-insta]]
version = "1.46.3"
backend = "aqua:mitsuhiko/insta"
"platforms.macos-arm64" = { checksum = "sha256:1e620252db7964d876da6b4956872ad84d099ee281753ac7c850ae24413947df", url = "https://github.com/mitsuhiko/insta/releases/download/1.46.3/cargo-insta-aarch64-apple-darwin.tar.xz"}

[[tools."cargo:cargo-audit"]]
version = "0.22.1"
backend = "cargo:cargo-audit"

[[tools."cargo:cargo-auditable"]]
version = "0.7.2"
backend = "cargo:cargo-auditable"

[[tools."cargo:cargo-cyclonedx"]]
version = "0.5.7"
backend = "cargo:cargo-cyclonedx"

[[tools."cargo:cargo-deny"]]
version = "0.19.0"
backend = "cargo:cargo-deny"

[[tools."cargo:cargo-dist"]]
version = "0.30.3"
backend = "cargo:cargo-dist"

[[tools."cargo:cargo-llvm-cov"]]
version = "0.8.4"
backend = "cargo:cargo-llvm-cov"

[[tools."cargo:cargo-machete"]]
version = "0.9.1"
backend = "cargo:cargo-machete"

[[tools."cargo:cargo-nextest"]]
version = "0.9.127"
backend = "cargo:cargo-nextest"

[[tools."cargo:cargo-outdated"]]
version = "0.17.0"
backend = "cargo:cargo-outdated"

[[tools."cargo:cargo-release"]]
version = "1.0.0"
backend = "cargo:cargo-release"

[[tools."cargo:git-cliff"]]
version = "2.12.0"
backend = "cargo:git-cliff"

[[tools."cargo:mdbook"]]
version = "0.5.2"
backend = "cargo:mdbook"

[[tools."cargo:mdbook-admonish"]]
version = "1.20.0"
backend = "cargo:mdbook-admonish"

[[tools."cargo:mdbook-i18n-helpers"]]
version = "0.4.0"
backend = "cargo:mdbook-i18n-helpers"

[[tools."cargo:mdbook-linkcheck"]]
version = "0.7.7"
backend = "cargo:mdbook-linkcheck"

[[tools."cargo:mdbook-mermaid"]]
version = "0.17.0"
backend = "cargo:mdbook-mermaid"

[[tools."cargo:mdbook-open-on-gh"]]
version = "3.0.0"
backend = "cargo:mdbook-open-on-gh"

[[tools."cargo:mdbook-tabs"]]
version = "0.3.4"
backend = "cargo:mdbook-tabs"

[[tools."cargo:mdbook-toc"]]
version = "0.15.3"
backend = "cargo:mdbook-toc"

[[tools."cargo:release-plz"]]
version = "0.3.156"
backend = "cargo:release-plz"

[[tools.claude-code]]
version = "2.1.42"
backend = "aqua:anthropics/claude-code"
"platforms.macos-arm64" = { checksum = "blake3:84140fdd428faf5e4dd3ce3d7dd32996dcda0dceac7572e17db3a760776ebd7d", url = "https://storage.googleapis.com/claude-code-dist-86c565f3-f756-42ad-8dfa-d59b1c096819/claude-code-releases/2.1.42/darwin-arm64/claude"}

[[tools.just]]
version = "1.46.0"
backend = "aqua:casey/just"

[[tools.lychee]]
version = "0.23.0"
backend = "aqua:lycheeverse/lychee"
"platforms.macos-arm64" = { checksum = "sha256:4c8034900e11083b68ac6f6582c377ff1f704e268991999e09d717973e493e7f", url = "https://github.com/lycheeverse/lychee/releases/download/lychee-v0.23.0/lychee-arm64-macos.dmg"}

[[tools.markdownlint-cli2]]
version = "0.21.0"
backend = "npm:markdownlint-cli2"

[[tools."pipx:mdformat"]]
version = "0.7.21"
backend = "pipx:mdformat"

[tools."pipx:mdformat".options]
uvx_args = "--with mdformat-gfm --with mdformat-frontmatter --with mdformat-footnote --with mdformat-simple-breaks --with mdformat-gfm-alerts --with mdformat-toc --with mdformat-wikilink --with mdformat-tables"

[[tools.pre-commit]]
version = "4.5.1"
backend = "aqua:pre-commit/pre-commit"

[[tools.prettier]]
version = "3.8.1"
backend = "npm:prettier"

[[tools.python]]
version = "3.14.3"
backend = "core:python"

[[tools.rust]]
version = "1.91.0"
backend = "core:rust"

[[tools.scorecard]]
version = "5.4.0"
backend = "aqua:ossf/scorecard"
